
Microsoft Visual Studio Solution File, Format Version 12.00
# Visual Studio Version 17
VisualStudioVersion = 17.0.31903.59
MinimumVisualStudioVersion = 10.0.40219.1
Project("{9A19103F-16F7-4668-BE54-9A1E7A4F7556}") = "BussinessObject", "BussinessObject\BussinessObject.csproj", "{B06D1547-F603-4AF8-98AD-6EDFF9BF6069}"
EndProject
Project("{9A19103F-16F7-4668-BE54-9A1E7A4F7556}") = "DataAccess", "DataAccess\DataAccess.csproj", "{9C079833-978D-4331-9610-ABAC38AE5662}"
EndProject
Project("{9A19103F-16F7-4668-BE54-9A1E7A4F7556}") = "Responsitory", "Responsitory\Responsitory.csproj", "{970AE711-DE95-4599-8946-16C90A477AA3}"
EndProject
Project("{9A19103F-16F7-4668-BE54-9A1E7A4F7556}") = "ShopProjectAPI", "ShopProjectAPI\ShopProjectAPI.csproj", "{9823287F-DD49-48C5-A12D-9A83B2CA2CE0}"
EndProject
Project("{9A19103F-16F7-4668-BE54-9A1E7A4F7556}") = "ShopProject_Client", "..\..\..\ShopProject_Client\ShopProject_Client\ShopProject_Client.csproj", "{689A034F-34B9-49DC-B65A-2B6E171AE237}"
EndProject
Global
	GlobalSection(SolutionConfigurationPlatforms) = preSolution
		Debug|Any CPU = Debug|Any CPU
		Release|Any CPU = Release|Any CPU
	EndGlobalSection
	GlobalSection(ProjectConfigurationPlatforms) = postSolution
		{B06D1547-F603-4AF8-98AD-6EDFF9BF6069}.Debug|Any CPU.ActiveCfg = Debug|Any CPU
		{B06D1547-F603-4AF8-98AD-6EDFF9BF6069}.Debug|Any CPU.Build.0 = Debug|Any CPU
		{B06D1547-F603-4AF8-98AD-6EDFF9BF6069}.Release|Any CPU.ActiveCfg = Release|Any CPU
		{B06D1547-F603-4AF8-98AD-6EDFF9BF6069}.Release|Any CPU.Build.0 = Release|Any CPU
		{9C079833-978D-4331-9610-ABAC38AE5662}.Debug|Any CPU.ActiveCfg = Debug|Any CPU
		{9C079833-978D-4331-9610-ABAC38AE5662}.Debug|Any CPU.Build.0 = Debug|Any CPU
		{9C079833-978D-4331-9610-ABAC38AE5662}.Release|Any CPU.ActiveCfg = Release|Any CPU
		{9C079833-978D-4331-9610-ABAC38AE5662}.Release|Any CPU.Build.0 = Release|Any CPU
		{970AE711-DE95-4599-8946-16C90A477AA3}.Debug|Any CPU.ActiveCfg = Debug|Any CPU
		{970AE711-DE95-4599-8946-16C90A477AA3}.Debug|Any CPU.Build.0 = Debug|Any CPU
		{970AE711-DE95-4599-8946-16C90A477AA3}.Release|Any CPU.ActiveCfg = Release|Any CPU
		{970AE711-DE95-4599-8946-16C90A477AA3}.Release|Any CPU.Build.0 = Release|Any CPU
		{9823287F-DD49-48C5-A12D-9A83B2CA2CE0}.Debug|Any CPU.ActiveCfg = Debug|Any CPU
		{9823287F-DD49-48C5-A12D-9A83B2CA2CE0}.Debug|Any CPU.Build.0 = Debug|Any CPU
		{9823287F-DD49-48C5-A12D-9A83B2CA2CE0}.Release|Any CPU.ActiveCfg = Release|Any CPU
		{9823287F-DD49-48C5-A12D-9A83B2CA2CE0}.Release|Any CPU.Build.0 = Release|Any CPU
		{689A034F-34B9-49DC-B65A-2B6E171AE237}.Debug|Any CPU.ActiveCfg = Debug|Any CPU
		{689A034F-34B9-49DC-B65A-2B6E171AE237}.Debug|Any CPU.Build.0 = Debug|Any CPU
		{689A034F-34B9-49DC-B65A-2B6E171AE237}.Release|Any CPU.ActiveCfg = Release|Any CPU
		{689A034F-34B9-49DC-B65A-2B6E171AE237}.Release|Any CPU.Build.0 = Release|Any CPU
	EndGlobalSection
	GlobalSection(SolutionProperties) = preSolution
		HideSolutionNode = FALSE
	EndGlobalSection
	GlobalSection(ExtensibilityGlobals) = postSolution
		SolutionGuid = {247CDE41-DCDC-42E7-BE34-6A2AE8EE38C6}
	EndGlobalSection
EndGlobal
